{
    "_meta": {
        "hash": {
            "sha256": "d7a97c8ed0d8986e3906354be97cae69b43247a8d79a3dfb6596955eeda4bc27"
        },
        "pipfile-spec": 6,
        "requires": {
            "python_version": "3.6"
        },
        "sources": [
            {
                "name": "pypi",
                "url": "https://pypi.org/simple",
                "verify_ssl": true
            }
        ]
    },
    "default": {
        "certifi": {
            "hashes": [
                "sha256:339dc09518b07e2fa7eda5450740925974815557727d6bd35d319c1524a04a4c",
                "sha256:6d58c986d22b038c8c0df30d639f23a3e6d172a05c3583e766f4c0b785c0986a"
            ],
            "version": "==2018.10.15"
        },
        "dj-database-url": {
            "hashes": [
                "sha256:4aeaeb1f573c74835b0686a2b46b85990571159ffc21aa57ecd4d1e1cb334163",
                "sha256:851785365761ebe4994a921b433062309eb882fedd318e1b0fcecc607ed02da9"
            ],
            "version": "==0.5.0"
        },
        "django": {
            "hashes": [
                "sha256:97886b8a13bbc33bfeba2ff133035d3eca014e2309dff2b6da0bdfc0b8656613",
                "sha256:e900b73beee8977c7b887d90c6c57d68af10066b9dac898e1eaf0f82313de334"
            ],
            "index": "pypi",
            "version": "==2.0.7"
        },
        "django-heroku": {
            "hashes": [
                "sha256:2bc690aab89eedbe01311752320a9a12e7548e3b0ed102681acc5736a41a4762",
                "sha256:6af4bc3ae4a9b55eaad6dbe5164918982d2762661aebc9f83d9fa49f6009514e"
            ],
            "index": "pypi",
            "version": "==0.3.1"
        },
        "django-hosts": {
            "hashes": [
                "sha256:3599645f37b4c51df6140d659bef356e05ae7ff7748f8fef14c2c84083dd8089",
                "sha256:8e83232dbd7ff0d9de5c814f16bdf4cd1971bd00c54fa1f3e507aed4f93215a8"
            ],
            "index": "pypi",
            "version": "==3.0"
        },
        "djangorestframework": {
            "hashes": [
                "sha256:b6714c3e4b0f8d524f193c91ecf5f5450092c2145439ac2769711f7eba89a9d9",
                "sha256:c375e4f95a3a64fccac412e36fb42ba36881e52313ec021ef410b40f67cddca4"
            ],
            "index": "pypi",
            "version": "==3.8.2"
        },
        "gunicorn": {
            "hashes": [
                "sha256:7ef2b828b335ed58e3b64ffa84caceb0a7dd7c5ca12f217241350dec36a1d5dc",
                "sha256:bc59005979efb6d2dd7d5ba72d99f8a8422862ad17ff3a16e900684630dd2a10"
            ],
            "index": "pypi",
            "version": "==19.8.1"
        },
        "numpy": {
            "hashes": [
                "sha256:032df9b6571c5f1d41ea6f6a189223208cb488990373aa686aca55570fcccb42",
                "sha256:094f8a83e5bd0a44a7557fa24a46db6ba7d5299c389ddbc9e0e18722f567fb63",
                "sha256:1c0c80e74759fa4942298044274f2c11b08c86230b25b8b819e55e644f5ff2b6",
                "sha256:2aa0910eaeb603b1a5598193cc3bc8eacf1baf6c95cbc3955eb8e15fa380c133",
                "sha256:2f5ebc7a04885c7d69e5daa05208faef4db7f1ae6a99f4d36962df8cd54cdc76",
                "sha256:32a07241cb624e104b88b08dea2851bf4ec5d65a1f599d7735041ced7171fd7a",
                "sha256:3c7959f750b54b445f14962a3ddc41b9eadbab00b86da55fbb1967b2b79aad10",
                "sha256:3d8f9273c763a139a99e65c2a3c10f1109df30bedae7f011b10d95c538364704",
                "sha256:63bca71691339d2d6f8a7c970821f2b12098a53afccc0190d4e1555e75e5223a",
                "sha256:7ae9c3baff3b989859c88e0168ad10902118595b996bf781eaf011bb72428798",
                "sha256:866a7c8774ccc7d603667fad95456b4cf56d79a2bb5a7648ac9f0082e0b9416e",
                "sha256:8bc4b92a273659e44ca3f3a2f8786cfa39d8302223bcfe7df794429c63d5f5a1",
                "sha256:919f65e0732195474897b1cafefb4d4e7c2bb8174a725e506b62e9096e4df28d",
                "sha256:9d1598573d310104acb90377f0a8c2319f737084689f5eb18012becaf345cda5",
                "sha256:9fff90c88bfaad2901be50453d5cd7897a826c1d901f0654ee1d73ab3a48cd18",
                "sha256:a245464ddf6d90e2d6287e9cef6bcfda2a99467fdcf1b677b99cd0b6c7b43de2",
                "sha256:a988db28f54e104a01e8573ceb6f28202b4c15635b1450b2e3b2b822c6564f9b",
                "sha256:b12fe6f31babb9477aa0f9692730654b3ee0e71f33b4568170dfafd439caf0a2",
                "sha256:b7599ff4acd23f5de983e3aec772153b1043e131487a5c6ad0f94b41a828877a",
                "sha256:c9f4dafd6065c4c782be84cd67ceeb9b1d4380af60a7af32be10ebecd723385e",
                "sha256:ce3622b73ccd844ba301c1aea65d36cf9d8331e7c25c16b1725d0f14db99aaf4",
                "sha256:d0f36a24cf8061a2c03e151be3418146717505b9b4ec17502fa3bbdb04ec1431",
                "sha256:d263f8f14f2da0c079c0297e829e550d8f2c4e0ffef215506bd1d0ddd2bff3de",
                "sha256:d8837ff272800668aabdfe70b966631914b0d6513aed4fc1b1428446f771834d",
                "sha256:ef694fe72a3995aa778a5095bda946e0d31f7efabd5e8063ad8c6238ab7d3f78",
                "sha256:f1fd1a6f40a501ba4035f5ed2c1f4faa68245d1407bf97d2ee401e4f23d1720b",
                "sha256:fa337b6bd5fe2b8c4e705f4102186feb9985de9bb8536d32d5129a658f1789e0",
                "sha256:febd31cd0d2fd2509ca2ec53cb339f8bf593c1bd245b9fc55c1917a68532a0af"
            ],
            "version": "==1.15.3"
        },
        "opencv-contrib-python": {
            "hashes": [
                "sha256:093f39a4b450bb954cfc2ba0a01b2e9e2a20bd2efe13d0c64e2840adec65aae5",
                "sha256:0b4653892eb79ce40bb71cb90bfc94bf6c24c401f6fdb7e302fa93c2874e68bf",
                "sha256:1b9082be4339a91d872054b42be7bfe0f3c042bb2f21ee692a087ba757f2b697",
                "sha256:27e7e9f4bfae7069bc3567272770e4fe2835e32da2a92527f92ef4f039f267aa",
                "sha256:288b0b21919cb4cdf1dfba9e9b181c4540b676c9dc5462d48ffd0f3b7a26ff88",
                "sha256:30d444d0765f5a0dd9d47c93dc292c931632219a51386399f066fd98dd779f7b",
                "sha256:350282123093988f245417f09022a2fec9978c84868622f2773fbd593d6d68f2",
                "sha256:37371c2537478452de2b860a2e4903804ac70ae2660194b3d360dd433f874636",
                "sha256:64165932cd76373e934fbeca54365e3e48d8a1b5dbb7674d5bf881af96645b8d",
                "sha256:655177c8a55c5b918622ac8b50ac23e7bc2f38db4525c029f56530c2e0f87c2c",
                "sha256:6c924fab890b1227e7f91a90d4bd47c5dd815fca9e44b201f4bad6cd2e01123e",
                "sha256:6df5d4cf43e464ff7ce578f2025ed030015a3c892d8c435ec2dcce1e13be70a8",
                "sha256:945c3860f40da682b002fbec0298579bdaeea0282840383a1275f83c335a9d1b",
                "sha256:9c69ceee18ae43085b399265e2a1b165d3d8c6913a1f9faebe8df46031fcec80",
                "sha256:9d6c75759b29e05bfc574b9b79dc624deb3b46e854d4cd3d4066ead3b0322b89",
                "sha256:ad500c81a4c61763a11b972fc2df5f148806ee36b20dcd23bad83f67f2a554b6",
                "sha256:ad893639aed3999ffd006d85a7319c2cbb4f02ba0f111bca76e15bdcce906c90",
                "sha256:c4b8f6b3a09e41a86c4a7df05481db8ebfd6764018090332c05b69a8fdc9692e",
                "sha256:dc3fd17d8278675c4a0b1839723fa60648098ad80bc3d9be8f95842b2dd2abc6",
                "sha256:dec15ff5a87e0446296db0331b538b36a7ce22a835df0727c284044f7ae17ed2",
                "sha256:effb5137539aa195c794a38bad532011c3f873324def607e11a8eb250e026bcf",
                "sha256:ff4a9b8c81a4f8e160c3c49e538854a80be140e85a4c265a42e12099c5300130"
            ],
            "index": "pypi",
            "version": "==3.4.1.15"
        },
        "opencv-python": {
            "hashes": [
                "sha256:02342c264ac95fddd6c5dfdc2bf71bf65617d4b0006b1d56b699b559671f8c9d",
                "sha256:049b080c53bc660bce0819cbabeade21bef8cc4f8bd2d4b407e62a576c70ef44",
                "sha256:050202bfcdb4d039dacdb567fe7c04f221f49b59ae5c50c2b111090e2c2451c6",
                "sha256:0b75aa8255eea19c3382dad18423a9809873962b1f8488bc7a232dccb847bfc1",
                "sha256:0fd4c86dbce58bdda149f5175093d50a0396ee5a981675c21b14a30aa667b97f",
                "sha256:151d738d479df018edd050ed146567c6044a19b7b7e3d4e38c726e904bad7a3e",
                "sha256:22e4b07e30da981a4013141809eb974a6f14cd712fa4fa80f8e70d8cc8c155f8",
                "sha256:2cea809afe32cdccf97d66b131afc0fed80076244fb77b68ad9bf016d9cdc261",
                "sha256:2ed45cfe330c0cbd925c5eb8de32b78fae68ae02952b46bf04af813eefc065b7",
                "sha256:57b73647e25402cfd4ecb42d5bb3ddc5ec740a3124b4559c215c073127971cd5",
                "sha256:66f35f28b705272f9f54ecb6decb8954d5b0b2db8506cdcf0c0f9b7014b5b446",
                "sha256:76c732905bd84b84d7c6d8b924471a54d02088e649e006ad8abda4b630a5de93",
                "sha256:7fef1125b7a38ce6a839338109de0dfba604552d5ac2f5a839ed1eb5cf8b5887",
                "sha256:856f492631ac5523dd10c8273d8b7ec708199e4a9096deea880a6fc41ffd1bc9",
                "sha256:a875254c00af87e0b9d81026dff165c7233a37672764f0d647a93fd702afa3ef",
                "sha256:ba7571e14f7aca54552dc0ee71714bc4466c5076b571fed2dd6e1af6879a9532",
                "sha256:bb79ef5db35f08bfd340cac25b89eab1dff0d5cbada9015a988d9092e48bbe5c",
                "sha256:c2cb706934cc55023a2fa597422b4dd18b7bf3cb14033bfe00633b0f16ab9b48",
                "sha256:d34fc04624220b0db3652cf52fc40867267a5c92825850ead98da686aea61bb6",
                "sha256:e27976369de71b159d4e6cb2599bde860570c82eebd6fe2daaca494e6d3037b5",
                "sha256:f4e3d807319e97e406fe76e722a67ec4c20dc2c26f7fea51b66cbb8a5c078eb1",
                "sha256:fc9d2874bfd29dcf238f3d57871d718265573e5e0776980f6eea77409a9ce400"
            ],
            "index": "pypi",
            "version": "==3.4.1.15"
        },
        "pipenv": {
            "hashes": [
                "sha256:6ecf60c66187c6ca25a2dcd095036aba07539354a5011d94805fbfc5932582b0",
                "sha256:bb6bd074f853d9bab675942226a785a64d4fc42b5847538755e9573f5b77f63a",
                "sha256:d4b1aea904ae1488b7060137059642246baae709232f4536ad723ce216e4b540"
            ],
            "index": "pypi",
            "version": "==2018.7.1"
        },
        "psycopg2": {
            "hashes": [
                "sha256:0b9e48a1c1505699a64ac58815ca99104aacace8321e455072cee4f7fe7b2698",
                "sha256:0f4c784e1b5a320efb434c66a50b8dd7e30a7dc047e8f45c0a8d2694bfe72781",
                "sha256:0fdbaa32c9eb09ef09d425dc154628fca6fa69d2f7c1a33f889abb7e0efb3909",
                "sha256:11fbf688d5c953c0a5ba625cc42dea9aeb2321942c7c5ed9341a68f865dc8cb1",
                "sha256:19eaac4eb25ab078bd0f28304a0cb08702d120caadfe76bb1e6846ed1f68635e",
                "sha256:3232ec1a3bf4dba97fbf9b03ce12e4b6c1d01ea3c85773903a67ced725728232",
                "sha256:36f8f9c216fcca048006f6dd60e4d3e6f406afde26cfb99e063f137070139eaf",
                "sha256:59c1a0e4f9abe970062ed35d0720935197800a7ef7a62b3a9e3a70588d9ca40b",
                "sha256:6506c5ff88750948c28d41852c09c5d2a49f51f28c6d90cbf1b6808e18c64e88",
                "sha256:6bc3e68ee16f571681b8c0b6d5c0a77bef3c589012352b3f0cf5520e674e9d01",
                "sha256:6dbbd7aabbc861eec6b910522534894d9dbb507d5819bc982032c3ea2e974f51",
                "sha256:6e737915de826650d1a5f7ff4ac6cf888a26f021a647390ca7bafdba0e85462b",
                "sha256:6ed9b2cfe85abc720e8943c1808eeffd41daa73e18b7c1e1a228b0b91f768ccc",
                "sha256:711ec617ba453fdfc66616db2520db3a6d9a891e3bf62ef9aba4c95bb4e61230",
                "sha256:844dacdf7530c5c612718cf12bc001f59b2d9329d35b495f1ff25045161aa6af",
                "sha256:86b52e146da13c896e50c5a3341a9448151f1092b1a4153e425d1e8b62fec508",
                "sha256:985c06c2a0f227131733ae58d6a541a5bc8b665e7305494782bebdb74202b793",
                "sha256:a86dfe45f4f9c55b1a2312ff20a59b30da8d39c0e8821d00018372a2a177098f",
                "sha256:aa3cd07f7f7e3183b63d48300666f920828a9dbd7d7ec53d450df2c4953687a9",
                "sha256:b1964ed645ef8317806d615d9ff006c0dadc09dfc54b99ae67f9ba7a1ec9d5d2",
                "sha256:b2abbff9e4141484bb89b96eb8eae186d77bc6d5ffbec6b01783ee5c3c467351",
                "sha256:cc33c3a90492e21713260095f02b12bee02b8d1f2c03a221d763ce04fa90e2e9",
                "sha256:d7de3bf0986d777807611c36e809b77a13bf1888f5c8db0ebf24b47a52d10726",
                "sha256:db5e3c52576cc5b93a959a03ccc3b02cb8f0af1fbbdc80645f7a215f0b864f3a",
                "sha256:e168aa795ffbb11379c942cf95bf813c7db9aa55538eb61de8c6815e092416f5",
                "sha256:e9ca911f8e2d3117e5241d5fa9aaa991cb22fb0792627eeada47425d706b5ec8",
                "sha256:eccf962d41ca46e6326b97c8fe0a6687b58dfc1a5f6540ed071ff1474cea749e",
                "sha256:efa19deae6b9e504a74347fe5e25c2cb9343766c489c2ae921b05f37338b18d1",
                "sha256:f4b0460a21f784abe17b496f66e74157a6c36116fa86da8bf6aa028b9e8ad5fe",
                "sha256:f93d508ca64d924d478fb11e272e09524698f0c581d9032e68958cfbdd41faef"
            ],
            "version": "==2.7.5"
        },
        "pytz": {
            "hashes": [
                "sha256:a061aa0a9e06881eb8b3b2b43f05b9439d6583c206d0a6c340ff72a7b6669053",
                "sha256:ffb9ef1de172603304d9d2819af6f5ece76f2e85ec10692a524dd876e72bf277"
            ],
            "version": "==2018.5"
        },
        "virtualenv": {
            "hashes": [
                "sha256:2ce32cd126117ce2c539f0134eb89de91a8413a29baac49cbab3eb50e2026669",
                "sha256:ca07b4c0b54e14a91af9f34d0919790b016923d157afda5efdde55c96718f752"
            ],
            "index": "pypi",
            "version": "==16.0.0"
        },
        "virtualenv-clone": {
            "hashes": [
                "sha256:4507071d81013fd03ea9930ec26bc8648b997927a11fa80e8ee81198b57e0ac7",
                "sha256:b5cfe535d14dc68dfc1d1bb4ac1209ea28235b91156e2bba8e250d291c3fb4f8"
            ],
            "index": "pypi",
            "version": "==0.3.0"
        },
        "whitenoise": {
            "hashes": [
                "sha256:133a92ff0ab8fb9509f77d4f7d0de493eca19c6fea973f4195d4184f888f2e02",
                "sha256:32b57d193478908a48acb66bf73e7a3c18679263e3e64bfebcfac1144a430039"
            ],
            "version": "==4.1"
        }
    },
    "develop": {}
}
